PODS:
  - AFNetworking (2.5.0):
    - AFNetworking/NSURLConnection (= 2.5.0)
    - AFNetworking/NSURLSession (= 2.5.0)
    - AFNetworking/Reachability (= 2.5.0)
    - AFNetworking/Security (= 2.5.0)
    - AFNetworking/Serialization (= 2.5.0)
    - AFNetworking/UIKit (= 2.5.0)
  - AFNetworking/NSURLConnection (2.5.0):
    - AFNetworking/Reachability
    - AFNetworking/Security
    - AFNetworking/Serialization
  - AFNetworking/NSURLSession (2.5.0):
    - AFNetworking/Reachability
    - AFNetworking/Security
    - AFNetworking/Serialization
  - AFNetworking/Reachability (2.5.0)
  - AFNetworking/Security (2.5.0)
  - AFNetworking/Serialization (2.5.0)
  - AFNetworking/UIKit (2.5.0):
    - AFNetworking/NSURLConnection
    - AFNetworking/NSURLSession

DEPENDENCIES:
  - AFNetworking (from `https://github.com/AFNetworking/AFNetworking.git`, branch `master`)

EXTERNAL SOURCES:
  AFNetworking:
    :branch: master
    :git: https://github.com/AFNetworking/AFNetworking.git

CHECKOUT OPTIONS:
  AFNetworking:
    :commit: 760dedc09021e7baaf8098e0907950fb3cf88a38
    :git: https://github.com/AFNetworking/AFNetworking.git

SPEC CHECKSUMS:
  AFNetworking: 4c9d0041306f20098bedc239a6ff13cd58440943

COCOAPODS: 0.35.0
